
Microsoft Visual Studio Solution File, Format Version 12.00
# Visual Studio Version 16
VisualStudioVersion = 16.0.29306.81
MinimumVisualStudioVersion = 10.0.40219.1
Project("{FAE04EC0-301F-11D3-BF4B-00C04F79EFBC}") = "TechSupportWeb", "TechSupportWeb\TechSupportWeb.csproj", "{E4BEFCC9-52AB-438D-9EA0-1D26526332C6}"
EndProject
Global
	GlobalSection(SolutionConfigurationPlatforms) = preSolution
		Debug|Any CPU = Debug|Any CPU
		Release|Any CPU = Release|Any CPU
	EndGlobalSection
	GlobalSection(ProjectConfigurationPlatforms) = postSolution
		{E4BEFCC9-52AB-438D-9EA0-1D26526332C6}.Debug|Any CPU.ActiveCfg = Debug|Any CPU
		{E4BEFCC9-52AB-438D-9EA0-1D26526332C6}.Debug|Any CPU.Build.0 = Debug|Any CPU
		{E4BEFCC9-52AB-438D-9EA0-1D26526332C6}.Release|Any CPU.ActiveCfg = Release|Any CPU
		{E4BEFCC9-52AB-438D-9EA0-1D26526332C6}.Release|Any CPU.Build.0 = Release|Any CPU
	EndGlobalSection
	GlobalSection(SolutionProperties) = preSolution
		HideSolutionNode = FALSE
	EndGlobalSection
	GlobalSection(ExtensibilityGlobals) = postSolution
		SolutionGuid = {AFA861CF-D922-459D-9B35-AFCBDC147972}
	EndGlobalSection
EndGlobal
